{
  "name": "rebase-downstream-branches",
  "version": "1.0.0",
  "lockfileVersion": 3,
  "requires": true,
  "packages": {
    "": {
      "name": "rebase-downstream-branches",
      "version": "1.0.0",
      "license": "MIT",
      "bin": {
        "rebase-downstream": "bin/rebase-downstream.js"
      },
      "engines": {
        "node": ">=18.0.0"
      }
    }
  }
}
